{
  "name": "practicum-techradar",
  "version": "1.0.0",
  "lockfileVersion": 3,
  "requires": true,
  "packages": {
    "": {
      "name": "practicum-techradar",
      "version": "1.0.0",
      "license": "MIT",
      "dependencies": {
        "aoe_technology_radar": "^4"
      }
    },
    "node_modules/aoe_technology_radar": {
      "version": "4.5.0",
      "resolved": "https://registry.npmjs.org/aoe_technology_radar/-/aoe_technology_radar-4.5.0.tgz",
      "integrity": "sha512-IpZ7pLX32OrqZHO/fAa6F48Chd9N1VUAm7WoGaxIoRjuj2dlle7p+ERHBfH46gFumLT4YRErU3FD2gHHKvc17w==",
      "hasInstallScript": true,
      "bin": {
        "techradar": "bin/techradar.js"
      }
    }
  }
}
